// !$*UTF8*$!
{
	archiveVersion = 1;
	classes = {
	};
	objectVersion = 46;
	objects = {

/* Begin PBXBuildFile section */
		3243316A1A8CB3F300661115 /* GraphView.swift in Sources */ = {isa = PBXBuildFile; fileRef = 324331691A8CB3F300661115 /* GraphView.swift */; };
		3243316C1A8CBE6800661115 /* GraphViewController.swift in Sources */ = {isa = PBXBuildFile; fileRef = 3243316B1A8CBE6800661115 /* GraphViewController.swift */; };
		329370611A970AAF00F1D781 /* AxesDrawer.swift in Sources */ = {isa = PBXBuildFile; fileRef = 329370601A970AAF00F1D781 /* AxesDrawer.swift */; };
		32E983F31A85E8E1006E105E /* AppDelegate.swift in Sources */ = {isa = PBXBuildFile; fileRef = 32E983F21A85E8E1006E105E /* AppDelegate.swift */; };
		32E983F51A85E8E1006E105E /* CalculatorViewController.swift in Sources */ = {isa = PBXBuildFile; fileRef = 32E983F41A85E8E1006E105E /* CalculatorViewController.swift */; };
		32E983F81A85E8E1006E105E /* Main.storyboard in Resources */ = {isa = PBXBuildFile; fileRef = 32E983F61A85E8E1006E105E /* Main.storyboard */; };
		32E983FA1A85E8E1006E105E /* Images.xcassets in Resources */ = {isa = PBXBuildFile; fileRef = 32E983F91A85E8E1006E105E /* Images.xcassets */; };
		32E983FD1A85E8E1006E105E /* LaunchScreen.xib in Resources */ = {isa = PBXBuildFile; fileRef = 32E983FB1A85E8E1006E105E /* LaunchScreen.xib */; };
		32E984091A85E8E1006E105E /* NewCalculatorTests.swift in Sources */ = {isa = PBXBuildFile; fileRef = 32E984081A85E8E1006E105E /* NewCalculatorTests.swift */; };
		32E984131A8639BE006E105E /* CalculatorBrain.swift in Sources */ = {isa = PBXBuildFile; fileRef = 32E984121A8639BE006E105E /* CalculatorBrain.swift */; };
/* End PBXBuildFile section */

/* Begin PBXContainerItemProxy section */
		32E984031A85E8E1006E105E /* PBXContainerItemProxy */ = {
			isa = PBXContainerItemProxy;
			containerPortal = 32E983E51A85E8E1006E105E /* Project object */;
			proxyType = 1;
			remoteGlobalIDString = 32E983EC1A85E8E1006E105E;
			remoteInfo = NewCalculator;
		};
/* End PBXContainerItemProxy section */

/* Begin PBXFileReference section */
		324331691A8CB3F300661115 /* GraphView.swift */ = {isa = PBXFileReference; fileEncoding = 4; lastKnownFileType = sourcecode.swift; path = GraphView.swift; sourceTree = "<group>"; };
		3243316B1A8CBE6800661115 /* GraphViewController.swift */ = {isa = PBXFileReference; fileEncoding = 4; lastKnownFileType = sourcecode.swift; path = GraphViewController.swift; sourceTree = "<group>"; };
		324331761A8D05AF00661115 /* NewCalculator-Bridging-Header.h */ = {isa = PBXFileReference; lastKnownFileType = sourcecode.c.h; path = "NewCalculator-Bridging-Header.h"; sourceTree = "<group>"; };
		329370601A970AAF00F1D781 /* AxesDrawer.swift */ = {isa = PBXFileReference; fileEncoding = 4; lastKnownFileType = sourcecode.swift; path = AxesDrawer.swift; sourceTree = "<group>"; };
		32E983ED1A85E8E1006E105E /* NewCalculator.app */ = {isa = PBXFileReference; explicitFileType = wrapper.application; includeInIndex = 0; path = NewCalculator.app; sourceTree = BUILT_PRODUCTS_DIR; };
		32E983F11A85E8E1006E105E /* Info.plist */ = {isa = PBXFileReference; lastKnownFileType = text.plist.xml; path = Info.plist; sourceTree = "<group>"; };
		32E983F21A85E8E1006E105E /* AppDelegate.swift */ = {isa = PBXFileReference; lastKnownFileType = sourcecode.swift; path = AppDelegate.swift; sourceTree = "<group>"; };
		32E983F41A85E8E1006E105E /* CalculatorViewController.swift */ = {isa = PBXFileReference; lastKnownFileType = sourcecode.swift; path = CalculatorViewController.swift; sourceTree = "<group>"; };
		32E983F71A85E8E1006E105E /* Base */ = {isa = PBXFileReference; lastKnownFileType = file.storyboard; name = Base; path = Base.lproj/Main.storyboard; sourceTree = "<group>"; };
		32E983F91A85E8E1006E105E /* Images.xcassets */ = {isa = PBXFileReference; lastKnownFileType = folder.assetcatalog; path = Images.xcassets; sourceTree = "<group>"; };
		32E983FC1A85E8E1006E105E /* Base */ = {isa = PBXFileReference; lastKnownFileType = file.xib; name = Base; path = Base.lproj/LaunchScreen.xib; sourceTree = "<group>"; };
		32E984021A85E8E1006E105E /* NewCalculatorTests.xctest */ = {isa = PBXFileReference; explicitFileType = wrapper.cfbundle; includeInIndex = 0; path = NewCalculatorTests.xctest; sourceTree = BUILT_PRODUCTS_DIR; };
		32E984071A85E8E1006E105E /* Info.plist */ = {isa = PBXFileReference; lastKnownFileType = text.plist.xml; path = Info.plist; sourceTree = "<group>"; };
		32E984081A85E8E1006E105E /* NewCalculatorTests.swift */ = {isa = PBXFileReference; lastKnownFileType = sourcecode.swift; path = NewCalculatorTests.swift; sourceTree = "<group>"; };
		32E984121A8639BE006E105E /* CalculatorBrain.swift */ = {isa = PBXFileReference; fileEncoding = 4; lastKnownFileType = sourcecode.swift; path = CalculatorBrain.swift; sourceTree = "<group>"; };
/* End PBXFileReference section */

/* Begin PBXFrameworksBuildPhase section */
		32E983EA1A85E8E1006E105E /* Frameworks */ = {
			isa = PBXFrameworksBuildPhase;
			buildActionMask = 2147483647;
			files = (
			);
			runOnlyForDeploymentPostprocessing = 0;
		};
		32E983FF1A85E8E1006E105E /* Frameworks */ = {
			isa = PBXFrameworksBuildPhase;
			buildActionMask = 2147483647;
			files = (
			);
			runOnlyForDeploymentPostprocessing = 0;
		};
/* End PBXFrameworksBuildPhase section */

/* Begin PBXGroup section */
		32E983E41A85E8E1006E105E = {
			isa = PBXGroup;
			children = (
				32E983EF1A85E8E1006E105E /* NewCalculator */,
				32E984051A85E8E1006E105E /* NewCalculatorTests */,
				32E983EE1A85E8E1006E105E /* Products */,
			);
			sourceTree = "<group>";
		};
		32E983EE1A85E8E1006E105E /* Products */ = {
			isa = PBXGroup;
			children = (
				32E983ED1A85E8E1006E105E /* NewCalculator.app */,
				32E984021A85E8E1006E105E /* NewCalculatorTests.xctest */,
			);
			name = Products;
			sourceTree = "<group>";
		};
		32E983EF1A85E8E1006E105E /* NewCalculator */ = {
			isa = PBXGroup;
			children = (
				32E983F21A85E8E1006E105E /* AppDelegate.swift */,
				32E983F41A85E8E1006E105E /* CalculatorViewController.swift */,
				32E984121A8639BE006E105E /* CalculatorBrain.swift */,
				3243316B1A8CBE6800661115 /* GraphViewController.swift */,
				324331691A8CB3F300661115 /* GraphView.swift */,
				329370601A970AAF00F1D781 /* AxesDrawer.swift */,
				32E983F61A85E8E1006E105E /* Main.storyboard */,
				32E983F01A85E8E1006E105E /* Supporting Files */,
			);
			path = NewCalculator;
			sourceTree = "<group>";
		};
		32E983F01A85E8E1006E105E /* Supporting Files */ = {
			isa = PBXGroup;
			children = (
				32E983F91A85E8E1006E105E /* Images.xcassets */,
				32E983FB1A85E8E1006E105E /* LaunchScreen.xib */,
				324331761A8D05AF00661115 /* NewCalculator-Bridging-Header.h */,
				32E983F11A85E8E1006E105E /* Info.plist */,
			);
			name = "Supporting Files";
			sourceTree = "<group>";
		};
		32E984051A85E8E1006E105E /* NewCalculatorTests */ = {
			isa = PBXGroup;
			children = (
				32E984081A85E8E1006E105E /* NewCalculatorTests.swift */,
				32E984061A85E8E1006E105E /* Supporting Files */,
			);
			path = NewCalculatorTests;
			sourceTree = "<group>";
		};
		32E984061A85E8E1006E105E /* Supporting Files */ = {
			isa = PBXGroup;
			children = (
				32E984071A85E8E1006E105E /* Info.plist */,
			);
			name = "Supporting Files";
			sourceTree = "<group>";
		};
/* End PBXGroup section */

/* Begin PBXNativeTarget section */
		32E983EC1A85E8E1006E105E /* NewCalculator */ = {
			isa = PBXNativeTarget;
			buildConfigurationList = 32E9840C1A85E8E1006E105E /* Build configuration list for PBXNativeTarget "NewCalculator" */;
			buildPhases = (
				32E983E91A85E8E1006E105E /* Sources */,
				32E983EA1A85E8E1006E105E /* Frameworks */,
				32E983EB1A85E8E1006E105E /* Resources */,
			);
			buildRules = (
			);
			dependencies = (
			);
			name = NewCalculator;
			productName = NewCalculator;
			productReference = 32E983ED1A85E8E1006E105E /* NewCalculator.app */;
			productType = "com.apple.product-type.application";
		};
		32E984011A85E8E1006E105E /* NewCalculatorTests */ = {
			isa = PBXNativeTarget;
			buildConfigurationList = 32E9840F1A85E8E1006E105E /* Build configuration list for PBXNativeTarget "NewCalculatorTests" */;
			buildPhases = (
				32E983FE1A85E8E1006E105E /* Sources */,
				32E983FF1A85E8E1006E105E /* Frameworks */,
				32E984001A85E8E1006E105E /* Resources */,
			);
			buildRules = (
			);
			dependencies = (
				32E984041A85E8E1006E105E /* PBXTargetDependency */,
			);
			name = NewCalculatorTests;
			productName = NewCalculatorTests;
			productReference = 32E984021A85E8E1006E105E /* NewCalculatorTests.xctest */;
			productType = "com.apple.product-type.bundle.unit-test";
		};
/* End PBXNativeTarget section */

/* Begin PBXProject section */
		32E983E51A85E8E1006E105E /* Project object */ = {
			isa = PBXProject;
			attributes = {
				LastUpgradeCheck = 0610;
				ORGANIZATIONNAME = "Jack's app for practice";
				TargetAttributes = {
					32E983EC1A85E8E1006E105E = {
						CreatedOnToolsVersion = 6.1.1;
					};
					32E984011A85E8E1006E105E = {
						CreatedOnToolsVersion = 6.1.1;
						TestTargetID = 32E983EC1A85E8E1006E105E;
					};
				};
			};
			buildConfigurationList = 32E983E81A85E8E1006E105E /* Build configuration list for PBXProject "NewCalculator" */;
			compatibilityVersion = "Xcode 3.2";
			developmentRegion = English;
			hasScannedForEncodings = 0;
			knownRegions = (
				en,
				Base,
			);
			mainGroup = 32E983E41A85E8E1006E105E;
			productRefGroup = 32E983EE1A85E8E1006E105E /* Products */;
			projectDirPath = "";
			projectRoot = "";
			targets = (
				32E983EC1A85E8E1006E105E /* NewCalculator */,
				32E984011A85E8E1006E105E /* NewCalculatorTests */,
			);
		};
/* End PBXProject section */

/* Begin PBXResourcesBuildPhase section */
		32E983EB1A85E8E1006E105E /* Resources */ = {
			isa = PBXResourcesBuildPhase;
			buildActionMask = 2147483647;
			files = (
				32E983F81A85E8E1006E105E /* Main.storyboard in Resources */,
				32E983FD1A85E8E1006E105E /* LaunchScreen.xib in Resources */,
				32E983FA1A85E8E1006E105E /* Images.xcassets in Resources */,
			);
			runOnlyForDeploymentPostprocessing = 0;
		};
		32E984001A85E8E1006E105E /* Resources */ = {
			isa = PBXResourcesBuildPhase;
			buildActionMask = 2147483647;
			files = (
			);
			runOnlyForDeploymentPostprocessing = 0;
		};
/* End PBXResourcesBuildPhase section */

/* Begin PBXSourcesBuildPhase section */
		32E983E91A85E8E1006E105E /* Sources */ = {
			isa = PBXSourcesBuildPhase;
			buildActionMask = 2147483647;
			files = (
				32E984131A8639BE006E105E /* CalculatorBrain.swift in Sources */,
				3243316C1A8CBE6800661115 /* GraphViewController.swift in Sources */,
				32E983F51A85E8E1006E105E /* CalculatorViewController.swift in Sources */,
				32E983F31A85E8E1006E105E /* AppDelegate.swift in Sources */,
				3243316A1A8CB3F300661115 /* GraphView.swift in Sources */,
				329370611A970AAF00F1D781 /* AxesDrawer.swift in Sources */,
			);
			runOnlyForDeploymentPostprocessing = 0;
		};
		32E983FE1A85E8E1006E105E /* Sources */ = {
			isa = PBXSourcesBuildPhase;
			buildActionMask = 2147483647;
			files = (
				32E984091A85E8E1006E105E /* NewCalculatorTests.swift in Sources */,
			);
			runOnlyForDeploymentPostprocessing = 0;
		};
/* End PBXSourcesBuildPhase section */

/* Begin PBXTargetDependency section */
		32E984041A85E8E1006E105E /* PBXTargetDependency */ = {
			isa = PBXTargetDependency;
			target = 32E983EC1A85E8E1006E105E /* NewCalculator */;
			targetProxy = 32E984031A85E8E1006E105E /* PBXContainerItemProxy */;
		};
/* End PBXTargetDependency section */

/* Begin PBXVariantGroup section */
		32E983F61A85E8E1006E105E /* Main.storyboard */ = {
			isa = PBXVariantGroup;
			children = (
				32E983F71A85E8E1006E105E /* Base */,
			);
			name = Main.storyboard;
			sourceTree = "<group>";
		};
		32E983FB1A85E8E1006E105E /* LaunchScreen.xib */ = {
			isa = PBXVariantGroup;
			children = (
				32E983FC1A85E8E1006E105E /* Base */,
			);
			name = LaunchScreen.xib;
			sourceTree = "<group>";
		};
/* End PBXVariantGroup section */

/* Begin XCBuildConfiguration section */
		32E9840A1A85E8E1006E105E /* Debug */ = {
			isa = XCBuildConfiguration;
			buildSettings = {
				ALWAYS_SEARCH_USER_PATHS = NO;
				CLANG_CXX_LANGUAGE_STANDARD = "gnu++0x";
				CLANG_CXX_LIBRARY = "libc++";
				CLANG_ENABLE_MODULES = YES;
				CLANG_ENABLE_OBJC_ARC = YES;
				CLANG_WARN_BOOL_CONVERSION = YES;
				CLANG_WARN_CONSTANT_CONVERSION = YES;
				CLANG_WARN_DIRECT_OBJC_ISA_USAGE = YES_ERROR;
				CLANG_WARN_EMPTY_BODY = YES;
				CLANG_WARN_ENUM_CONVERSION = YES;
				CLANG_WARN_INT_CONVERSION = YES;
				CLANG_WARN_OBJC_ROOT_CLASS = YES_ERROR;
				CLANG_WARN_UNREACHABLE_CODE = YES;
				CLANG_WARN__DUPLICATE_METHOD_MATCH = YES;
				"CODE_SIGN_IDENTITY[sdk=iphoneos*]" = "iPhone Developer";
				COPY_PHASE_STRIP = NO;
				ENABLE_STRICT_OBJC_MSGSEND = YES;
				GCC_C_LANGUAGE_STANDARD = gnu99;
				GCC_DYNAMIC_NO_PIC = NO;
				GCC_OPTIMIZATION_LEVEL = 0;
				GCC_PREPROCESSOR_DEFINITIONS = (
					"DEBUG=1",
					"$(inherited)",
				);
				GCC_SYMBOLS_PRIVATE_EXTERN = NO;
				GCC_WARN_64_TO_32_BIT_CONVERSION = YES;
				GCC_WARN_ABOUT_RETURN_TYPE = YES_ERROR;
				GCC_WARN_UNDECLARED_SELECTOR = YES;
				GCC_WARN_UNINITIALIZED_AUTOS = YES_AGGRESSIVE;
				GCC_WARN_UNUSED_FUNCTION = YES;
				GCC_WARN_UNUSED_VARIABLE = YES;
				IPHONEOS_DEPLOYMENT_TARGET = 8.1;
				MTL_ENABLE_DEBUG_INFO = YES;
				ONLY_ACTIVE_ARCH = YES;
				SDKROOT = iphoneos;
				SWIFT_OPTIMIZATION_LEVEL = "-Onone";
				TARGETED_DEVICE_FAMILY = "1,2";
			};
			name = Debug;
		};
		32E9840B1A85E8E1006E105E /* Release */ = {
			isa = XCBuildConfiguration;
			buildSettings = {
				ALWAYS_SEARCH_USER_PATHS = NO;
				CLANG_CXX_LANGUAGE_STANDARD = "gnu++0x";
				CLANG_CXX_LIBRARY = "libc++";
				CLANG_ENABLE_MODULES = YES;
				CLANG_ENABLE_OBJC_ARC = YES;
				CLANG_WARN_BOOL_CONVERSION = YES;
				CLANG_WARN_CONSTANT_CONVERSION = YES;
				CLANG_WARN_DIRECT_OBJC_ISA_USAGE = YES_ERROR;
				CLANG_WARN_EMPTY_BODY = YES;
				CLANG_WARN_ENUM_CONVERSION = YES;
				CLANG_WARN_INT_CONVERSION = YES;
				CLANG_WARN_OBJC_ROOT_CLASS = YES_ERROR;
				CLANG_WARN_UNREACHABLE_CODE = YES;
				CLANG_WARN__DUPLICATE_METHOD_MATCH = YES;
				"CODE_SIGN_IDENTITY[sdk=iphoneos*]" = "iPhone Developer";
				COPY_PHASE_STRIP = YES;
				ENABLE_NS_ASSERTIONS = NO;
				ENABLE_STRICT_OBJC_MSGSEND = YES;
				GCC_C_LANGUAGE_STANDARD = gnu99;
				GCC_WARN_64_TO_32_BIT_CONVERSION = YES;
				GCC_WARN_ABOUT_RETURN_TYPE = YES_ERROR;
				GCC_WARN_UNDECLARED_SELECTOR = YES;
				GCC_WARN_UNINITIALIZED_AUTOS = YES_AGGRESSIVE;
				GCC_WARN_UNUSED_FUNCTION = YES;
				GCC_WARN_UNUSED_VARIABLE = YES;
				IPHONEOS_DEPLOYMENT_TARGET = 8.1;
				MTL_ENABLE_DEBUG_INFO = NO;
				SDKROOT = iphoneos;
				TARGETED_DEVICE_FAMILY = "1,2";
				VALIDATE_PRODUCT = YES;
			};
			name = Release;
		};
		32E9840D1A85E8E1006E105E /* Debug */ = {
			isa = XCBuildConfiguration;
			buildSettings = {
				ASSETCATALOG_COMPILER_APPICON_NAME = AppIcon;
				CLANG_ENABLE_MODULES = YES;
				INFOPLIST_FILE = NewCalculator/Info.plist;
				LD_RUNPATH_SEARCH_PATHS = "$(inherited) @executable_path/Frameworks";
				PRODUCT_NAME = "$(TARGET_NAME)";
				SWIFT_OBJC_BRIDGING_HEADER = "NewCalculator/NewCalculator-Bridging-Header.h";
				SWIFT_OPTIMIZATION_LEVEL = "-Onone";
			};
			name = Debug;
		};
		32E9840E1A85E8E1006E105E /* Release */ = {
			isa = XCBuildConfiguration;
			buildSettings = {
				ASSETCATALOG_COMPILER_APPICON_NAME = AppIcon;
				CLANG_ENABLE_MODULES = YES;
				INFOPLIST_FILE = NewCalculator/Info.plist;
				LD_RUNPATH_SEARCH_PATHS = "$(inherited) @executable_path/Frameworks";
				PRODUCT_NAME = "$(TARGET_NAME)";
				SWIFT_OBJC_BRIDGING_HEADER = "NewCalculator/NewCalculator-Bridging-Header.h";
			};
			name = Release;
		};
		32E984101A85E8E1006E105E /* Debug */ = {
			isa = XCBuildConfiguration;
			buildSettings = {
				BUNDLE_LOADER = "$(TEST_HOST)";
				FRAMEWORK_SEARCH_PATHS = (
					"$(SDKROOT)/Developer/Library/Frameworks",
					"$(inherited)",
				);
				GCC_PREPROCESSOR_DEFINITIONS = (
					"DEBUG=1",
					"$(inherited)",
				);
				INFOPLIST_FILE = NewCalculatorTests/Info.plist;
				LD_RUNPATH_SEARCH_PATHS = "$(inherited) @executable_path/Frameworks @loader_path/Frameworks";
				PRODUCT_NAME = "$(TARGET_NAME)";
				TEST_HOST = "$(BUILT_PRODUCTS_DIR)/NewCalculator.app/NewCalculator";
			};
			name = Debug;
		};
		32E984111A85E8E1006E105E /* Release */ = {
			isa = XCBuildConfiguration;
			buildSettings = {
				BUNDLE_LOADER = "$(TEST_HOST)";
				FRAMEWORK_SEARCH_PATHS = (
					"$(SDKROOT)/Developer/Library/Frameworks",
					"$(inherited)",
				);
				INFOPLIST_FILE = NewCalculatorTests/Info.plist;
				LD_RUNPATH_SEARCH_PATHS = "$(inherited) @executable_path/Frameworks @loader_path/Frameworks";
				PRODUCT_NAME = "$(TARGET_NAME)";
				TEST_HOST = "$(BUILT_PRODUCTS_DIR)/NewCalculator.app/NewCalculator";
			};
			name = Release;
		};
/* End XCBuildConfiguration section */

/* Begin XCConfigurationList section */
		32E983E81A85E8E1006E105E /* Build configuration list for PBXProject "NewCalculator" */ = {
			isa = XCConfigurationList;
			buildConfigurations = (
				32E9840A1A85E8E1006E105E /* Debug */,
				32E9840B1A85E8E1006E105E /* Release */,
			);
			defaultConfigurationIsVisible = 0;
			defaultConfigurationName = Release;
		};
		32E9840C1A85E8E1006E105E /* Build configuration list for PBXNativeTarget "NewCalculator" */ = {
			isa = XCConfigurationList;
			buildConfigurations = (
				32E9840D1A85E8E1006E105E /* Debug */,
				32E9840E1A85E8E1006E105E /* Release */,
			);
			defaultConfigurationIsVisible = 0;
			defaultConfigurationName = Release;
		};
		32E9840F1A85E8E1006E105E /* Build configuration list for PBXNativeTarget "NewCalculatorTests" */ = {
			isa = XCConfigurationList;
			buildConfigurations = (
				32E984101A85E8E1006E105E /* Debug */,
				32E984111A85E8E1006E105E /* Release */,
			);
			defaultConfigurationIsVisible = 0;
			defaultConfigurationName = Release;
		};
/* End XCConfigurationList section */
	};
	rootObject = 32E983E51A85E8E1006E105E /* Project object */;
}
